
Microsoft Visual Studio Solution File, Format Version 12.00
# Visual Studio Version 16
VisualStudioVersion = 16.0.29920.165
MinimumVisualStudioVersion = 10.0.40219.1
Project("{9A19103F-16F7-4668-BE54-9A1E7A4F7556}") = "TypiQL", "TypiQL\TypiQL.csproj", "{A9611B1E-33CD-4DD6-8D98-C50D174F013E}"
EndProject
Project("{9A19103F-16F7-4668-BE54-9A1E7A4F7556}") = "TypiQLDebug", "TypiQLDebug\TypiQLDebug.csproj", "{9F6A757B-3241-4B49-BEEF-B07F77138F11}"
EndProject
Global
	GlobalSection(SolutionConfigurationPlatforms) = preSolution
		Debug|Any CPU = Debug|Any CPU
		Release|Any CPU = Release|Any CPU
	EndGlobalSection
	GlobalSection(ProjectConfigurationPlatforms) = postSolution
		{A9611B1E-33CD-4DD6-8D98-C50D174F013E}.Debug|Any CPU.ActiveCfg = Debug|Any CPU
		{A9611B1E-33CD-4DD6-8D98-C50D174F013E}.Debug|Any CPU.Build.0 = Debug|Any CPU
		{A9611B1E-33CD-4DD6-8D98-C50D174F013E}.Release|Any CPU.ActiveCfg = Release|Any CPU
		{A9611B1E-33CD-4DD6-8D98-C50D174F013E}.Release|Any CPU.Build.0 = Release|Any CPU
		{9F6A757B-3241-4B49-BEEF-B07F77138F11}.Debug|Any CPU.ActiveCfg = Debug|Any CPU
		{9F6A757B-3241-4B49-BEEF-B07F77138F11}.Debug|Any CPU.Build.0 = Debug|Any CPU
		{9F6A757B-3241-4B49-BEEF-B07F77138F11}.Release|Any CPU.ActiveCfg = Release|Any CPU
		{9F6A757B-3241-4B49-BEEF-B07F77138F11}.Release|Any CPU.Build.0 = Release|Any CPU
	EndGlobalSection
	GlobalSection(SolutionProperties) = preSolution
		HideSolutionNode = FALSE
	EndGlobalSection
	GlobalSection(ExtensibilityGlobals) = postSolution
		SolutionGuid = {46815B78-032F-4292-BFFC-7AC14E39B5D7}
	EndGlobalSection
EndGlobal
